{
  "lockfileVersion": 1,
  "configVersion": 1,
  "workspaces": {
    "": {
      "name": "bread",
      "devDependencies": {
        "@tjakoen/batch": "github:tjakoen/batch#f9ecb03",
        "@tjakoen/grain": "github:tjakoen/grain#3e94bdc",
        "@tjakoen/mill": "github:tjakoen/mill#15fa3a5",
        "@tjakoen/pantry": "github:tjakoen/pantry#c629008",
        "@tjakoen/proof": "github:tjakoen/proof#f06daab",
        "@tjakoen/standards": "github:tjakoen/standards#4a3c180",
      },
    },
  },
  "packages": {
    "@tjakoen/batch": ["@tjakoen/batch@github:tjakoen/batch#f9ecb03", {}, "tjakoen-batch-f9ecb03", "sha512-QTzYtphPzZdEEk7Qs6s3CIR01WHw3JTfgpD0u0vp5qL8RGO7yXLRMFJj55uLhIzxCucYdhQsaz72PKsb3iiheQ=="],

    "@tjakoen/grain": ["@tjakoen/grain@github:tjakoen/grain#3e94bdc", {}, "tjakoen-grain-3e94bdc", "sha512-Iyg9JdyEt7GSiE9xdV1lubrQQFfxQpxOGeYJ/QKfD0OM4W04tEcxQIajUstWqvjawMlkv12CxXNEpcmjmbAlJw=="],

    "@tjakoen/mill": ["@tjakoen/mill@github:tjakoen/mill#15fa3a5", { "dependencies": { "@tjakoen/batch": "github:tjakoen/batch#f9ecb03", "@tjakoen/grain": "github:tjakoen/grain#3e94bdc" } }, "tjakoen-mill-15fa3a5", "sha512-MVXGcLZFGJTCU1RcP1YbPl/At/5BP+kwiZ/1wRWQqs/QcA0TKQ3JNA52CkmNYtQx/PTTU/v4qJqpRKuXoLf1sw=="],

    "@tjakoen/pantry": ["@tjakoen/pantry@github:tjakoen/pantry#c629008", { "dependencies": { "@tjakoen/batch": "github:tjakoen/batch#f9ecb03", "@tjakoen/grain": "github:tjakoen/grain#3e94bdc", "@tjakoen/mill": "github:tjakoen/mill#15fa3a5", "@tjakoen/proof": "github:tjakoen/proof#f06daab", "@tjakoen/standards": "github:tjakoen/standards#4a3c180" }, "bin": { "pantry": "./cli.ts" } }, "tjakoen-pantry-c629008", "sha512-HviqRmfZQuSO8jXm8CrJb7j6n+Fwk8ajB7k5H1cZ4VTkIbkD6IugCA771AmO3UZxF9GwbVeflIfxTWbihq/mRg=="],

    "@tjakoen/proof": ["@tjakoen/proof@github:tjakoen/proof#f06daab", { "dependencies": { "@tjakoen/batch": "github:tjakoen/batch#f9ecb03", "@tjakoen/grain": "github:tjakoen/grain#3e94bdc", "@tjakoen/mill": "github:tjakoen/mill#15fa3a5" }, "bin": { "proof": "./cli.ts" } }, "tjakoen-proof-f06daab", "sha512-oD6fqpq7FhkRfyUZELTs3UVgwa2I4cZXqTz2KkgRAyoaEqsr2FLXNeKL2LCq9oOItII78lpCFP89Y3jCpqzArA=="],

    "@tjakoen/standards": ["@tjakoen/standards@github:tjakoen/standards#4a3c180", {}, "tjakoen-standards-4a3c180", "sha512-rjgQ//3VJ9cvf903dgfTZSUXBwHNSLEVMPTqVC1tk82Au9w0euxmzhHJN7O8a2KhSJ0SCZvFKEdUrWFm1iTizA=="],
  }
}
